Microsoft Visual Studio Solution File, Format Version 12.00
# Visual Studio Version 17
VisualStudioVersion = 17.0.31903.59
MinimumVisualStudioVersion = 10.0.40219.1
Project("{FAE04EC0-301F-11D3-BF4B-00C04F79EFBC}") = "AutoFCBuff", "AutoFCBuff\AutoFCBuff.csproj", "{8F1E9028-C2F0-4592-9114-1A51D140C29E}"
EndProject
Project("{FAE04EC0-301F-11D3-BF4B-00C04F79EFBC}") = "ECommons", "ECommons\ECommons\ECommons.csproj", "{B5C401E5-3A47-4903-9E7D-9D7BF2D83D42}"
EndProject
Global
	GlobalSection(SolutionConfigurationPlatforms) = preSolution
		Debug|Any CPU = Debug|Any CPU
		Release|Any CPU = Release|Any CPU
	EndGlobalSection
	GlobalSection(ProjectConfigurationPlatforms) = postSolution
		{8F1E9028-C2F0-4592-9114-1A51D140C29E}.Debug|Any CPU.ActiveCfg = Debug|Any CPU
		{8F1E9028-C2F0-4592-9114-1A51D140C29E}.Debug|Any CPU.Build.0 = Debug|Any CPU
		{8F1E9028-C2F0-4592-9114-1A51D140C29E}.Release|Any CPU.ActiveCfg = Release|Any CPU
		{8F1E9028-C2F0-4592-9114-1A51D140C29E}.Release|Any CPU.Build.0 = Release|Any CPU
		{B5C401E5-3A47-4903-9E7D-9D7BF2D83D42}.Debug|Any CPU.ActiveCfg = Debug|Any CPU
		{B5C401E5-3A47-4903-9E7D-9D7BF2D83D42}.Debug|Any CPU.Build.0 = Debug|Any CPU
		{B5C401E5-3A47-4903-9E7D-9D7BF2D83D42}.Release|Any CPU.ActiveCfg = Release|Any CPU
		{B5C401E5-3A47-4903-9E7D-9D7BF2D83D42}.Release|Any CPU.Build.0 = Release|Any CPU
	EndGlobalSection
EndGlobal
